// !$*UTF8*$!
{
	archiveVersion = 1;
	classes = {
	};
	objectVersion = 55;
	objects = {

/* Begin PBXBuildFile section */
		AA1872FC29599F3E00AA94EF /* Game in Frameworks */ = {isa = PBXBuildFile; productRef = AA1872FB29599F3E00AA94EF /* Game */; };
		AA1872FE29599F4100AA94EF /* Profile in Frameworks */ = {isa = PBXBuildFile; productRef = AA1872FD29599F4100AA94EF /* Profile */; };
		AA43CC072959B44300774CF8 /* FavoriteGame.xcdatamodeld in Sources */ = {isa = PBXBuildFile; fileRef = AA43CC052959B44300774CF8 /* FavoriteGame.xcdatamodeld */; };
		AA43CC0A2959B66F00774CF8 /* CorePackage in Frameworks */ = {isa = PBXBuildFile; productRef = AA43CC092959B66F00774CF8 /* CorePackage */; };
		AA476A8F28CDD3D2002E6E75 /* BFAIApp.swift in Sources */ = {isa = PBXBuildFile; fileRef = AA476A8E28CDD3D2002E6E75 /* BFAIApp.swift */; };
		AA476A9128CDD3D2002E6E75 /* ContentView.swift in Sources */ = {isa = PBXBuildFile; fileRef = AA476A9028CDD3D2002E6E75 /* ContentView.swift */; };
		AA476A9328CDD3D3002E6E75 /* Assets.xcassets in Resources */ = {isa = PBXBuildFile; fileRef = AA476A9228CDD3D3002E6E75 /* Assets.xcassets */; };
		AA476A9628CDD3D3002E6E75 /* Preview Assets.xcassets in Resources */ = {isa = PBXBuildFile; fileRef = AA476A9528CDD3D3002E6E75 /* Preview Assets.xcassets */; };
		AAE902A4294F44610022B52F /* RxSwift in Frameworks */ = {isa = PBXBuildFile; productRef = AAE902A3294F44610022B52F /* RxSwift */; };
/* End PBXBuildFile section */

/* Begin PBXFileReference section */
		AA1872F829599BBE00AA94EF /* Profile */ = {isa = PBXFileReference; lastKnownFileType = wrapper; name = Profile; path = Modules/Profile; sourceTree = "<group>"; };
		AA1872FA29599DF800AA94EF /* Game */ = {isa = PBXFileReference; lastKnownFileType = wrapper; name = Game; path = Modules/Game; sourceTree = "<group>"; };
		AA3D103228DE3D850075C5E5 /* Info.plist */ = {isa = PBXFileReference; lastKnownFileType = text.plist.xml; path = Info.plist; sourceTree = "<group>"; };
		AA43CC062959B44300774CF8 /* FavoriteGame.xcdatamodel */ = {isa = PBXFileReference; lastKnownFileType = wrapper.xcdatamodel; path = FavoriteGame.xcdatamodel; sourceTree = "<group>"; };
		AA476A8B28CDD3D2002E6E75 /* BFAI.app */ = {isa = PBXFileReference; explicitFileType = wrapper.application; includeInIndex = 0; path = BFAI.app; sourceTree = BUILT_PRODUCTS_DIR; };
		AA476A8E28CDD3D2002E6E75 /* BFAIApp.swift */ = {isa = PBXFileReference; lastKnownFileType = sourcecode.swift; path = BFAIApp.swift; sourceTree = "<group>"; };
		AA476A9028CDD3D2002E6E75 /* ContentView.swift */ = {isa = PBXFileReference; lastKnownFileType = sourcecode.swift; path = ContentView.swift; sourceTree = "<group>"; };
		AA476A9228CDD3D3002E6E75 /* Assets.xcassets */ = {isa = PBXFileReference; lastKnownFileType = folder.assetcatalog; path = Assets.xcassets; sourceTree = "<group>"; };
		AA476A9528CDD3D3002E6E75 /* Preview Assets.xcassets */ = {isa = PBXFileReference; lastKnownFileType = folder.assetcatalog; path = "Preview Assets.xcassets"; sourceTree = "<group>"; };
/* End PBXFileReference section */

/* Begin PBXFrameworksBuildPhase section */
		AA476A8828CDD3D2002E6E75 /* Frameworks */ = {
			isa = PBXFrameworksBuildPhase;
			buildActionMask = 2147483647;
			files = (
				AA43CC0A2959B66F00774CF8 /* CorePackage in Frameworks */,
				AA1872FE29599F4100AA94EF /* Profile in Frameworks */,
				AA1872FC29599F3E00AA94EF /* Game in Frameworks */,
				AAE902A4294F44610022B52F /* RxSwift in Frameworks */,
			);
			runOnlyForDeploymentPostprocessing = 0;
		};
/* End PBXFrameworksBuildPhase section */

/* Begin PBXGroup section */
		AA1872EC2959977900AA94EF /* Frameworks */ = {
			isa = PBXGroup;
			children = (
			);
			name = Frameworks;
			sourceTree = "<group>";
		};
		AA476A8228CDD3D2002E6E75 = {
			isa = PBXGroup;
			children = (
				AA1872FA29599DF800AA94EF /* Game */,
				AA1872F829599BBE00AA94EF /* Profile */,
				AA476A8D28CDD3D2002E6E75 /* BFAI */,
				AA476A8C28CDD3D2002E6E75 /* Products */,
				AA1872EC2959977900AA94EF /* Frameworks */,
			);
			sourceTree = "<group>";
		};
		AA476A8C28CDD3D2002E6E75 /* Products */ = {
			isa = PBXGroup;
			children = (
				AA476A8B28CDD3D2002E6E75 /* BFAI.app */,
			);
			name = Products;
			sourceTree = "<group>";
		};
		AA476A8D28CDD3D2002E6E75 /* BFAI */ = {
			isa = PBXGroup;
			children = (
				AAE902AA294F5F7A0022B52F /* App */,
				AA3D103228DE3D850075C5E5 /* Info.plist */,
				AA476A9228CDD3D3002E6E75 /* Assets.xcassets */,
				AA476A9428CDD3D3002E6E75 /* Preview Content */,
			);
			path = BFAI;
			sourceTree = "<group>";
		};
		AA476A9428CDD3D3002E6E75 /* Preview Content */ = {
			isa = PBXGroup;
			children = (
				AA476A9528CDD3D3002E6E75 /* Preview Assets.xcassets */,
			);
			path = "Preview Content";
			sourceTree = "<group>";
		};
		AAE902AA294F5F7A0022B52F /* App */ = {
			isa = PBXGroup;
			children = (
				AA476A8E28CDD3D2002E6E75 /* BFAIApp.swift */,
				AA476A9028CDD3D2002E6E75 /* ContentView.swift */,
				AA43CC052959B44300774CF8 /* FavoriteGame.xcdatamodeld */,
			);
			path = App;
			sourceTree = "<group>";
		};
/* End PBXGroup section */

/* Begin PBXNativeTarget section */
		AA476A8A28CDD3D2002E6E75 /* BFAI */ = {
			isa = PBXNativeTarget;
			buildConfigurationList = AA476A9928CDD3D3002E6E75 /* Build configuration list for PBXNativeTarget "BFAI" */;
			buildPhases = (
				AA476A8728CDD3D2002E6E75 /* Sources */,
				AA476A8828CDD3D2002E6E75 /* Frameworks */,
				AA476A8928CDD3D2002E6E75 /* Resources */,
				AAB762EF29506E2300495525 /* ShellScript */,
			);
			buildRules = (
			);
			dependencies = (
			);
			name = BFAI;
			packageProductDependencies = (
				AAE902A3294F44610022B52F /* RxSwift */,
				AA1872FB29599F3E00AA94EF /* Game */,
				AA1872FD29599F4100AA94EF /* Profile */,
				AA43CC092959B66F00774CF8 /* CorePackage */,
			);
			productName = BFAI;
			productReference = AA476A8B28CDD3D2002E6E75 /* BFAI.app */;
			productType = "com.apple.product-type.application";
		};
/* End PBXNativeTarget section */

/* Begin PBXProject section */
		AA476A8328CDD3D2002E6E75 /* Project object */ = {
			isa = PBXProject;
			attributes = {
				BuildIndependentTargetsInParallel = 1;
				LastSwiftUpdateCheck = 1340;
				LastUpgradeCheck = 1340;
				TargetAttributes = {
					AA476A8A28CDD3D2002E6E75 = {
						CreatedOnToolsVersion = 13.4.1;
					};
				};
			};
			buildConfigurationList = AA476A8628CDD3D2002E6E75 /* Build configuration list for PBXProject "BFAI" */;
			compatibilityVersion = "Xcode 13.0";
			developmentRegion = en;
			hasScannedForEncodings = 0;
			knownRegions = (
				en,
				Base,
			);
			mainGroup = AA476A8228CDD3D2002E6E75;
			packageReferences = (
				AA37FDF228CE25B3004EB465 /* XCRemoteSwiftPackageReference "Kingfisher" */,
				AAE902A0294F44610022B52F /* XCRemoteSwiftPackageReference "RxSwift" */,
				AAE902A7294F4DDC0022B52F /* XCRemoteSwiftPackageReference "Alamofire" */,
				AA43CC082959B66F00774CF8 /* XCRemoteSwiftPackageReference "GameCatalogCorePackage" */,
			);
			productRefGroup = AA476A8C28CDD3D2002E6E75 /* Products */;
			projectDirPath = "";
			projectRoot = "";
			targets = (
				AA476A8A28CDD3D2002E6E75 /* BFAI */,
			);
		};
/* End PBXProject section */

/* Begin PBXResourcesBuildPhase section */
		AA476A8928CDD3D2002E6E75 /* Resources */ = {
			isa = PBXResourcesBuildPhase;
			buildActionMask = 2147483647;
			files = (
				AA476A9628CDD3D3002E6E75 /* Preview Assets.xcassets in Resources */,
				AA476A9328CDD3D3002E6E75 /* Assets.xcassets in Resources */,
			);
			runOnlyForDeploymentPostprocessing = 0;
		};
/* End PBXResourcesBuildPhase section */

/* Begin PBXShellScriptBuildPhase section */
		AAB762EF29506E2300495525 /* ShellScript */ = {
			isa = PBXShellScriptBuildPhase;
			buildActionMask = 2147483647;
			files = (
			);
			inputFileListPaths = (
			);
			inputPaths = (
			);
			outputFileListPaths = (
			);
			outputPaths = (
			);
			runOnlyForDeploymentPostprocessing = 0;
			shellPath = /bin/sh;
			shellScript = "if test -d \"/opt/homebrew/bin/\"; then\n  PATH=\"/opt/homebrew/bin/:${PATH}\"\nfi\n\nexport PATH\n\nif which swiftlint >/dev/null; then \n    swiftlint \nelse \n    echo \"warning: SwiftLint not installed, download from https://github.com/realm/SwiftLint\" \nfi\n";
		};
/* End PBXShellScriptBuildPhase section */

/* Begin PBXSourcesBuildPhase section */
		AA476A8728CDD3D2002E6E75 /* Sources */ = {
			isa = PBXSourcesBuildPhase;
			buildActionMask = 2147483647;
			files = (
				AA476A9128CDD3D2002E6E75 /* ContentView.swift in Sources */,
				AA476A8F28CDD3D2002E6E75 /* BFAIApp.swift in Sources */,
				AA43CC072959B44300774CF8 /* FavoriteGame.xcdatamodeld in Sources */,
			);
			runOnlyForDeploymentPostprocessing = 0;
		};
/* End PBXSourcesBuildPhase section */

/* Begin XCBuildConfiguration section */
		AA476A9728CDD3D3002E6E75 /* Debug */ = {
			isa = XCBuildConfiguration;
			buildSettings = {
				ALWAYS_SEARCH_USER_PATHS = NO;
				CLANG_ANALYZER_NONNULL = YES;
				CLANG_ANALYZER_NUMBER_OBJECT_CONVERSION = YES_AGGRESSIVE;
				CLANG_CXX_LANGUAGE_STANDARD = "gnu++17";
				CLANG_ENABLE_MODULES = YES;
				CLANG_ENABLE_OBJC_ARC = YES;
				CLANG_ENABLE_OBJC_WEAK = YES;
				CLANG_WARN_BLOCK_CAPTURE_AUTORELEASING = YES;
				CLANG_WARN_BOOL_CONVERSION = YES;
				CLANG_WARN_COMMA = YES;
				CLANG_WARN_CONSTANT_CONVERSION = YES;
				CLANG_WARN_DEPRECATED_OBJC_IMPLEMENTATIONS = YES;
				CLANG_WARN_DIRECT_OBJC_ISA_USAGE = YES_ERROR;
				CLANG_WARN_DOCUMENTATION_COMMENTS = YES;
				CLANG_WARN_EMPTY_BODY = YES;
				CLANG_WARN_ENUM_CONVERSION = YES;
				CLANG_WARN_INFINITE_RECURSION = YES;
				CLANG_WARN_INT_CONVERSION = YES;
				CLANG_WARN_NON_LITERAL_NULL_CONVERSION = YES;
				CLANG_WARN_OBJC_IMPLICIT_RETAIN_SELF = YES;
				CLANG_WARN_OBJC_LITERAL_CONVERSION = YES;
				CLANG_WARN_OBJC_ROOT_CLASS = YES_ERROR;
				CLANG_WARN_QUOTED_INCLUDE_IN_FRAMEWORK_HEADER = YES;
				CLANG_WARN_RANGE_LOOP_ANALYSIS = YES;
				CLANG_WARN_STRICT_PROTOTYPES = YES;
				CLANG_WARN_SUSPICIOUS_MOVE = YES;
				CLANG_WARN_UNGUARDED_AVAILABILITY = YES_AGGRESSIVE;
				CLANG_WARN_UNREACHABLE_CODE = YES;
				CLANG_WARN__DUPLICATE_METHOD_MATCH = YES;
				COPY_PHASE_STRIP = NO;
				DEBUG_INFORMATION_FORMAT = dwarf;
				ENABLE_STRICT_OBJC_MSGSEND = YES;
				ENABLE_TESTABILITY = YES;
				GCC_C_LANGUAGE_STANDARD = gnu11;
				GCC_DYNAMIC_NO_PIC = NO;
				GCC_NO_COMMON_BLOCKS = YES;
				GCC_OPTIMIZATION_LEVEL = 0;
				GCC_PREPROCESSOR_DEFINITIONS = (
					"DEBUG=1",
					"$(inherited)",
				);
				GCC_WARN_64_TO_32_BIT_CONVERSION = YES;
				GCC_WARN_ABOUT_RETURN_TYPE = YES_ERROR;
				GCC_WARN_UNDECLARED_SELECTOR = YES;
				GCC_WARN_UNINITIALIZED_AUTOS = YES_AGGRESSIVE;
				GCC_WARN_UNUSED_FUNCTION = YES;
				GCC_WARN_UNUSED_VARIABLE = YES;
				IPHONEOS_DEPLOYMENT_TARGET = 15.5;
				MTL_ENABLE_DEBUG_INFO = INCLUDE_SOURCE;
				MTL_FAST_MATH = YES;
				ONLY_ACTIVE_ARCH = YES;
				SDKROOT = iphoneos;
				SWIFT_ACTIVE_COMPILATION_CONDITIONS = DEBUG;
				SWIFT_OPTIMIZATION_LEVEL = "-Onone";
			};
			name = Debug;
		};
		AA476A9828CDD3D3002E6E75 /* Release */ = {
			isa = XCBuildConfiguration;
			buildSettings = {
				ALWAYS_SEARCH_USER_PATHS = NO;
				CLANG_ANALYZER_NONNULL = YES;
				CLANG_ANALYZER_NUMBER_OBJECT_CONVERSION = YES_AGGRESSIVE;
				CLANG_CXX_LANGUAGE_STANDARD = "gnu++17";
				CLANG_ENABLE_MODULES = YES;
				CLANG_ENABLE_OBJC_ARC = YES;
				CLANG_ENABLE_OBJC_WEAK = YES;
				CLANG_WARN_BLOCK_CAPTURE_AUTORELEASING = YES;
				CLANG_WARN_BOOL_CONVERSION = YES;
				CLANG_WARN_COMMA = YES;
				CLANG_WARN_CONSTANT_CONVERSION = YES;
				CLANG_WARN_DEPRECATED_OBJC_IMPLEMENTATIONS = YES;
				CLANG_WARN_DIRECT_OBJC_ISA_USAGE = YES_ERROR;
				CLANG_WARN_DOCUMENTATION_COMMENTS = YES;
				CLANG_WARN_EMPTY_BODY = YES;
				CLANG_WARN_ENUM_CONVERSION = YES;
				CLANG_WARN_INFINITE_RECURSION = YES;
				CLANG_WARN_INT_CONVERSION = YES;
				CLANG_WARN_NON_LITERAL_NULL_CONVERSION = YES;
				CLANG_WARN_OBJC_IMPLICIT_RETAIN_SELF = YES;
				CLANG_WARN_OBJC_LITERAL_CONVERSION = YES;
				CLANG_WARN_OBJC_ROOT_CLASS = YES_ERROR;
				CLANG_WARN_QUOTED_INCLUDE_IN_FRAMEWORK_HEADER = YES;
				CLANG_WARN_RANGE_LOOP_ANALYSIS = YES;
				CLANG_WARN_STRICT_PROTOTYPES = YES;
				CLANG_WARN_SUSPICIOUS_MOVE = YES;
				CLANG_WARN_UNGUARDED_AVAILABILITY = YES_AGGRESSIVE;
				CLANG_WARN_UNREACHABLE_CODE = YES;
				CLANG_WARN__DUPLICATE_METHOD_MATCH = YES;
				COPY_PHASE_STRIP = NO;
				DEBUG_INFORMATION_FORMAT = "dwarf-with-dsym";
				ENABLE_NS_ASSERTIONS = NO;
				ENABLE_STRICT_OBJC_MSGSEND = YES;
				GCC_C_LANGUAGE_STANDARD = gnu11;
				GCC_NO_COMMON_BLOCKS = YES;
				GCC_WARN_64_TO_32_BIT_CONVERSION = YES;
				GCC_WARN_ABOUT_RETURN_TYPE = YES_ERROR;
				GCC_WARN_UNDECLARED_SELECTOR = YES;
				GCC_WARN_UNINITIALIZED_AUTOS = YES_AGGRESSIVE;
				GCC_WARN_UNUSED_FUNCTION = YES;
				GCC_WARN_UNUSED_VARIABLE = YES;
				IPHONEOS_DEPLOYMENT_TARGET = 15.5;
				MTL_ENABLE_DEBUG_INFO = NO;
				MTL_FAST_MATH = YES;
				SDKROOT = iphoneos;
				SWIFT_COMPILATION_MODE = wholemodule;
				SWIFT_OPTIMIZATION_LEVEL = "-O";
				VALIDATE_PRODUCT = YES;
			};
			name = Release;
		};
		AA476A9A28CDD3D3002E6E75 /* Debug */ = {
			isa = XCBuildConfiguration;
			buildSettings = {
				ASSETCATALOG_COMPILER_APPICON_NAME = AppIcon;
				ASSETCATALOG_COMPILER_GLOBAL_ACCENT_COLOR_NAME = AccentColor;
				CODE_SIGN_STYLE = Automatic;
				CURRENT_PROJECT_VERSION = 1;
				DEVELOPMENT_ASSET_PATHS = "\"BFAI/Preview Content\"";
				DEVELOPMENT_TEAM = NAUCFV7LFX;
				ENABLE_PREVIEWS = YES;
				GENERATE_INFOPLIST_FILE = YES;
				INFOPLIST_FILE = BFAI/Info.plist;
				INFOPLIST_KEY_UIApplicationSceneManifest_Generation = YES;
				INFOPLIST_KEY_UIApplicationSupportsIndirectInputEvents = YES;
				INFOPLIST_KEY_UILaunchScreen_Generation = YES;
				INFOPLIST_KEY_UISupportedInterfaceOrientations_iPad = "UIInterfaceOrientationPortrait UIInterfaceOrientationPortraitUpsideDown UIInterfaceOrientationLandscapeLeft UIInterfaceOrientationLandscapeRight";
				INFOPLIST_KEY_UISupportedInterfaceOrientations_iPhone = "UIInterfaceOrientationPortrait UIInterfaceOrientationLandscapeLeft UIInterfaceOrientationLandscapeRight";
				LD_RUNPATH_SEARCH_PATHS = (
					"$(inherited)",
					"@executable_path/Frameworks",
				);
				MARKETING_VERSION = 1.0;
				PRODUCT_BUNDLE_IDENTIFIER = com.argahutama.BFAI;
				PRODUCT_NAME = "$(TARGET_NAME)";
				SWIFT_EMIT_LOC_STRINGS = YES;
				SWIFT_VERSION = 5.0;
				TARGETED_DEVICE_FAMILY = "1,2";
			};
			name = Debug;
		};
		AA476A9B28CDD3D3002E6E75 /* Release */ = {
			isa = XCBuildConfiguration;
			buildSettings = {
				ASSETCATALOG_COMPILER_APPICON_NAME = AppIcon;
				ASSETCATALOG_COMPILER_GLOBAL_ACCENT_COLOR_NAME = AccentColor;
				CODE_SIGN_STYLE = Automatic;
				CURRENT_PROJECT_VERSION = 1;
				DEVELOPMENT_ASSET_PATHS = "\"BFAI/Preview Content\"";
				DEVELOPMENT_TEAM = NAUCFV7LFX;
				ENABLE_PREVIEWS = YES;
				GENERATE_INFOPLIST_FILE = YES;
				INFOPLIST_FILE = BFAI/Info.plist;
				INFOPLIST_KEY_UIApplicationSceneManifest_Generation = YES;
				INFOPLIST_KEY_UIApplicationSupportsIndirectInputEvents = YES;
				INFOPLIST_KEY_UILaunchScreen_Generation = YES;
				INFOPLIST_KEY_UISupportedInterfaceOrientations_iPad = "UIInterfaceOrientationPortrait UIInterfaceOrientationPortraitUpsideDown UIInterfaceOrientationLandscapeLeft UIInterfaceOrientationLandscapeRight";
				INFOPLIST_KEY_UISupportedInterfaceOrientations_iPhone = "UIInterfaceOrientationPortrait UIInterfaceOrientationLandscapeLeft UIInterfaceOrientationLandscapeRight";
				LD_RUNPATH_SEARCH_PATHS = (
					"$(inherited)",
					"@executable_path/Frameworks",
				);
				MARKETING_VERSION = 1.0;
				PRODUCT_BUNDLE_IDENTIFIER = com.argahutama.BFAI;
				PRODUCT_NAME = "$(TARGET_NAME)";
				SWIFT_EMIT_LOC_STRINGS = YES;
				SWIFT_VERSION = 5.0;
				TARGETED_DEVICE_FAMILY = "1,2";
			};
			name = Release;
		};
/* End XCBuildConfiguration section */

/* Begin XCConfigurationList section */
		AA476A8628CDD3D2002E6E75 /* Build configuration list for PBXProject "BFAI" */ = {
			isa = XCConfigurationList;
			buildConfigurations = (
				AA476A9728CDD3D3002E6E75 /* Debug */,
				AA476A9828CDD3D3002E6E75 /* Release */,
			);
			defaultConfigurationIsVisible = 0;
			defaultConfigurationName = Release;
		};
		AA476A9928CDD3D3002E6E75 /* Build configuration list for PBXNativeTarget "BFAI" */ = {
			isa = XCConfigurationList;
			buildConfigurations = (
				AA476A9A28CDD3D3002E6E75 /* Debug */,
				AA476A9B28CDD3D3002E6E75 /* Release */,
			);
			defaultConfigurationIsVisible = 0;
			defaultConfigurationName = Release;
		};
/* End XCConfigurationList section */

/* Begin XCRemoteSwiftPackageReference section */
		AA37FDF228CE25B3004EB465 /* XCRemoteSwiftPackageReference "Kingfisher" */ = {
			isa = XCRemoteSwiftPackageReference;
			repositoryURL = "https://github.com/onevcat/Kingfisher.git";
			requirement = {
				kind = upToNextMajorVersion;
				minimumVersion = 7.0.0;
			};
		};
		AA43CC082959B66F00774CF8 /* XCRemoteSwiftPackageReference "GameCatalogCorePackage" */ = {
			isa = XCRemoteSwiftPackageReference;
			repositoryURL = "https://github.com/argahutama/GameCatalogCorePackage.git";
			requirement = {
				kind = exactVersion;
				version = 1.0.1;
			};
		};
		AAE902A0294F44610022B52F /* XCRemoteSwiftPackageReference "RxSwift" */ = {
			isa = XCRemoteSwiftPackageReference;
			repositoryURL = "https://github.com/ReactiveX/RxSwift";
			requirement = {
				kind = upToNextMajorVersion;
				minimumVersion = 6.0.0;
			};
		};
		AAE902A7294F4DDC0022B52F /* XCRemoteSwiftPackageReference "Alamofire" */ = {
			isa = XCRemoteSwiftPackageReference;
			repositoryURL = "https://github.com/Alamofire/Alamofire";
			requirement = {
				kind = upToNextMajorVersion;
				minimumVersion = 5.0.0;
			};
		};
/* End XCRemoteSwiftPackageReference section */

/* Begin XCSwiftPackageProductDependency section */
		AA1872FB29599F3E00AA94EF /* Game */ = {
			isa = XCSwiftPackageProductDependency;
			productName = Game;
		};
		AA1872FD29599F4100AA94EF /* Profile */ = {
			isa = XCSwiftPackageProductDependency;
			productName = Profile;
		};
		AA43CC092959B66F00774CF8 /* CorePackage */ = {
			isa = XCSwiftPackageProductDependency;
			package = AA43CC082959B66F00774CF8 /* XCRemoteSwiftPackageReference "GameCatalogCorePackage" */;
			productName = CorePackage;
		};
		AAE902A3294F44610022B52F /* RxSwift */ = {
			isa = XCSwiftPackageProductDependency;
			package = AAE902A0294F44610022B52F /* XCRemoteSwiftPackageReference "RxSwift" */;
			productName = RxSwift;
		};
/* End XCSwiftPackageProductDependency section */

/* Begin XCVersionGroup section */
		AA43CC052959B44300774CF8 /* FavoriteGame.xcdatamodeld */ = {
			isa = XCVersionGroup;
			children = (
				AA43CC062959B44300774CF8 /* FavoriteGame.xcdatamodel */,
			);
			currentVersion = AA43CC062959B44300774CF8 /* FavoriteGame.xcdatamodel */;
			path = FavoriteGame.xcdatamodeld;
			sourceTree = "<group>";
			versionGroupType = wrapper.xcdatamodel;
		};
/* End XCVersionGroup section */
	};
	rootObject = AA476A8328CDD3D2002E6E75 /* Project object */;
}
