// !$*UTF8*$!
{
	archiveVersion = 1;
	classes = {
	};
	objectVersion = 55;
	objects = {

/* Begin PBXBuildFile section */
		AA476A8F28CDD3D2002E6E75 /* BFAIApp.swift in Sources */ = {isa = PBXBuildFile; fileRef = AA476A8E28CDD3D2002E6E75 /* BFAIApp.swift */; };
		AA476A9128CDD3D2002E6E75 /* ContentView.swift in Sources */ = {isa = PBXBuildFile; fileRef = AA476A9028CDD3D2002E6E75 /* ContentView.swift */; };
		AA476A9328CDD3D3002E6E75 /* Assets.xcassets in Resources */ = {isa = PBXBuildFile; fileRef = AA476A9228CDD3D3002E6E75 /* Assets.xcassets */; };
		AA476A9628CDD3D3002E6E75 /* Preview Assets.xcassets in Resources */ = {isa = PBXBuildFile; fileRef = AA476A9528CDD3D3002E6E75 /* Preview Assets.xcassets */; };
		AAA7439228CDE33100B3C7B1 /* HomePage.swift in Sources */ = {isa = PBXBuildFile; fileRef = AAA7439128CDE33100B3C7B1 /* HomePage.swift */; };
		AAA7439728CDE3EB00B3C7B1 /* HomeViewModel.swift in Sources */ = {isa = PBXBuildFile; fileRef = AAA7439628CDE3EB00B3C7B1 /* HomeViewModel.swift */; };
		AAA7439B28CDE54D00B3C7B1 /* Config.swift in Sources */ = {isa = PBXBuildFile; fileRef = AAA7439A28CDE54D00B3C7B1 /* Config.swift */; };
		AAA7439F28CDE93100B3C7B1 /* GetGameResponse.swift in Sources */ = {isa = PBXBuildFile; fileRef = AAA7439E28CDE93100B3C7B1 /* GetGameResponse.swift */; };
		AAA743A728CDEDF300B3C7B1 /* GetGameRepository.swift in Sources */ = {isa = PBXBuildFile; fileRef = AAA743A628CDEDF300B3C7B1 /* GetGameRepository.swift */; };
		AAA743A928CDEF6100B3C7B1 /* Game.swift in Sources */ = {isa = PBXBuildFile; fileRef = AAA743A828CDEF6100B3C7B1 /* Game.swift */; };
/* End PBXBuildFile section */

/* Begin PBXFileReference section */
		AA476A8B28CDD3D2002E6E75 /* BFAI.app */ = {isa = PBXFileReference; explicitFileType = wrapper.application; includeInIndex = 0; path = BFAI.app; sourceTree = BUILT_PRODUCTS_DIR; };
		AA476A8E28CDD3D2002E6E75 /* BFAIApp.swift */ = {isa = PBXFileReference; lastKnownFileType = sourcecode.swift; path = BFAIApp.swift; sourceTree = "<group>"; };
		AA476A9028CDD3D2002E6E75 /* ContentView.swift */ = {isa = PBXFileReference; lastKnownFileType = sourcecode.swift; path = ContentView.swift; sourceTree = "<group>"; };
		AA476A9228CDD3D3002E6E75 /* Assets.xcassets */ = {isa = PBXFileReference; lastKnownFileType = folder.assetcatalog; path = Assets.xcassets; sourceTree = "<group>"; };
		AA476A9528CDD3D3002E6E75 /* Preview Assets.xcassets */ = {isa = PBXFileReference; lastKnownFileType = folder.assetcatalog; path = "Preview Assets.xcassets"; sourceTree = "<group>"; };
		AAA7439128CDE33100B3C7B1 /* HomePage.swift */ = {isa = PBXFileReference; lastKnownFileType = sourcecode.swift; path = HomePage.swift; sourceTree = "<group>"; };
		AAA7439628CDE3EB00B3C7B1 /* HomeViewModel.swift */ = {isa = PBXFileReference; lastKnownFileType = sourcecode.swift; path = HomeViewModel.swift; sourceTree = "<group>"; };
		AAA7439A28CDE54D00B3C7B1 /* Config.swift */ = {isa = PBXFileReference; lastKnownFileType = sourcecode.swift; path = Config.swift; sourceTree = "<group>"; };
		AAA7439E28CDE93100B3C7B1 /* GetGameResponse.swift */ = {isa = PBXFileReference; lastKnownFileType = sourcecode.swift; path = GetGameResponse.swift; sourceTree = "<group>"; };
		AAA743A628CDEDF300B3C7B1 /* GetGameRepository.swift */ = {isa = PBXFileReference; lastKnownFileType = sourcecode.swift; path = GetGameRepository.swift; sourceTree = "<group>"; };
		AAA743A828CDEF6100B3C7B1 /* Game.swift */ = {isa = PBXFileReference; lastKnownFileType = sourcecode.swift; path = Game.swift; sourceTree = "<group>"; };
/* End PBXFileReference section */

/* Begin PBXFrameworksBuildPhase section */
		AA476A8828CDD3D2002E6E75 /* Frameworks */ = {
			isa = PBXFrameworksBuildPhase;
			buildActionMask = 2147483647;
			files = (
			);
			runOnlyForDeploymentPostprocessing = 0;
		};
/* End PBXFrameworksBuildPhase section */

/* Begin PBXGroup section */
		AA476A8228CDD3D2002E6E75 = {
			isa = PBXGroup;
			children = (
				AA476A8D28CDD3D2002E6E75 /* BFAI */,
				AA476A8C28CDD3D2002E6E75 /* Products */,
			);
			sourceTree = "<group>";
		};
		AA476A8C28CDD3D2002E6E75 /* Products */ = {
			isa = PBXGroup;
			children = (
				AA476A8B28CDD3D2002E6E75 /* BFAI.app */,
			);
			name = Products;
			sourceTree = "<group>";
		};
		AA476A8D28CDD3D2002E6E75 /* BFAI */ = {
			isa = PBXGroup;
			children = (
				AAA7438D28CDE18800B3C7B1 /* Presentation */,
				AAA7438C28CDE10100B3C7B1 /* Data */,
				AA476A8E28CDD3D2002E6E75 /* BFAIApp.swift */,
				AA476A9228CDD3D3002E6E75 /* Assets.xcassets */,
				AA476A9428CDD3D3002E6E75 /* Preview Content */,
			);
			path = BFAI;
			sourceTree = "<group>";
		};
		AA476A9428CDD3D3002E6E75 /* Preview Content */ = {
			isa = PBXGroup;
			children = (
				AA476A9528CDD3D3002E6E75 /* Preview Assets.xcassets */,
			);
			path = "Preview Content";
			sourceTree = "<group>";
		};
		AAA7438C28CDE10100B3C7B1 /* Data */ = {
			isa = PBXGroup;
			children = (
				AAA7439028CDE1B300B3C7B1 /* Repository */,
				AAA7438F28CDE1AC00B3C7B1 /* Remote */,
				AAA7438E28CDE1A100B3C7B1 /* Model */,
			);
			path = Data;
			sourceTree = "<group>";
		};
		AAA7438D28CDE18800B3C7B1 /* Presentation */ = {
			isa = PBXGroup;
			children = (
				AAA7439528CDE3D800B3C7B1 /* About */,
				AAA7439428CDE3CF00B3C7B1 /* Detail */,
				AAA7439328CDE3CA00B3C7B1 /* Home */,
				AA476A9028CDD3D2002E6E75 /* ContentView.swift */,
			);
			path = Presentation;
			sourceTree = "<group>";
		};
		AAA7438E28CDE1A100B3C7B1 /* Model */ = {
			isa = PBXGroup;
			children = (
				AAA7439928CDE44A00B3C7B1 /* Response */,
				AAA743A828CDEF6100B3C7B1 /* Game.swift */,
			);
			path = Model;
			sourceTree = "<group>";
		};
		AAA7438F28CDE1AC00B3C7B1 /* Remote */ = {
			isa = PBXGroup;
			children = (
				AAA7439828CDE44200B3C7B1 /* Service */,
			);
			path = Remote;
			sourceTree = "<group>";
		};
		AAA7439028CDE1B300B3C7B1 /* Repository */ = {
			isa = PBXGroup;
			children = (
				AAA743A628CDEDF300B3C7B1 /* GetGameRepository.swift */,
			);
			path = Repository;
			sourceTree = "<group>";
		};
		AAA7439328CDE3CA00B3C7B1 /* Home */ = {
			isa = PBXGroup;
			children = (
				AAA7439128CDE33100B3C7B1 /* HomePage.swift */,
				AAA7439628CDE3EB00B3C7B1 /* HomeViewModel.swift */,
			);
			path = Home;
			sourceTree = "<group>";
		};
		AAA7439428CDE3CF00B3C7B1 /* Detail */ = {
			isa = PBXGroup;
			children = (
			);
			path = Detail;
			sourceTree = "<group>";
		};
		AAA7439528CDE3D800B3C7B1 /* About */ = {
			isa = PBXGroup;
			children = (
			);
			path = About;
			sourceTree = "<group>";
		};
		AAA7439828CDE44200B3C7B1 /* Service */ = {
			isa = PBXGroup;
			children = (
				AAA7439A28CDE54D00B3C7B1 /* Config.swift */,
			);
			path = Service;
			sourceTree = "<group>";
		};
		AAA7439928CDE44A00B3C7B1 /* Response */ = {
			isa = PBXGroup;
			children = (
				AAA7439E28CDE93100B3C7B1 /* GetGameResponse.swift */,
			);
			path = Response;
			sourceTree = "<group>";
		};
/* End PBXGroup section */

/* Begin PBXNativeTarget section */
		AA476A8A28CDD3D2002E6E75 /* BFAI */ = {
			isa = PBXNativeTarget;
			buildConfigurationList = AA476A9928CDD3D3002E6E75 /* Build configuration list for PBXNativeTarget "BFAI" */;
			buildPhases = (
				AA476A8728CDD3D2002E6E75 /* Sources */,
				AA476A8828CDD3D2002E6E75 /* Frameworks */,
				AA476A8928CDD3D2002E6E75 /* Resources */,
			);
			buildRules = (
			);
			dependencies = (
			);
			name = BFAI;
			productName = BFAI;
			productReference = AA476A8B28CDD3D2002E6E75 /* BFAI.app */;
			productType = "com.apple.product-type.application";
		};
/* End PBXNativeTarget section */

/* Begin PBXProject section */
		AA476A8328CDD3D2002E6E75 /* Project object */ = {
			isa = PBXProject;
			attributes = {
				BuildIndependentTargetsInParallel = 1;
				LastSwiftUpdateCheck = 1340;
				LastUpgradeCheck = 1340;
				TargetAttributes = {
					AA476A8A28CDD3D2002E6E75 = {
						CreatedOnToolsVersion = 13.4.1;
					};
				};
			};
			buildConfigurationList = AA476A8628CDD3D2002E6E75 /* Build configuration list for PBXProject "BFAI" */;
			compatibilityVersion = "Xcode 13.0";
			developmentRegion = en;
			hasScannedForEncodings = 0;
			knownRegions = (
				en,
				Base,
			);
			mainGroup = AA476A8228CDD3D2002E6E75;
			productRefGroup = AA476A8C28CDD3D2002E6E75 /* Products */;
			projectDirPath = "";
			projectRoot = "";
			targets = (
				AA476A8A28CDD3D2002E6E75 /* BFAI */,
			);
		};
/* End PBXProject section */

/* Begin PBXResourcesBuildPhase section */
		AA476A8928CDD3D2002E6E75 /* Resources */ = {
			isa = PBXResourcesBuildPhase;
			buildActionMask = 2147483647;
			files = (
				AA476A9628CDD3D3002E6E75 /* Preview Assets.xcassets in Resources */,
				AA476A9328CDD3D3002E6E75 /* Assets.xcassets in Resources */,
			);
			runOnlyForDeploymentPostprocessing = 0;
		};
/* End PBXResourcesBuildPhase section */

/* Begin PBXSourcesBuildPhase section */
		AA476A8728CDD3D2002E6E75 /* Sources */ = {
			isa = PBXSourcesBuildPhase;
			buildActionMask = 2147483647;
			files = (
				AAA7439F28CDE93100B3C7B1 /* GetGameResponse.swift in Sources */,
				AA476A9128CDD3D2002E6E75 /* ContentView.swift in Sources */,
				AAA743A928CDEF6100B3C7B1 /* Game.swift in Sources */,
				AAA743A728CDEDF300B3C7B1 /* GetGameRepository.swift in Sources */,
				AAA7439228CDE33100B3C7B1 /* HomePage.swift in Sources */,
				AAA7439B28CDE54D00B3C7B1 /* Config.swift in Sources */,
				AA476A8F28CDD3D2002E6E75 /* BFAIApp.swift in Sources */,
				AAA7439728CDE3EB00B3C7B1 /* HomeViewModel.swift in Sources */,
			);
			runOnlyForDeploymentPostprocessing = 0;
		};
/* End PBXSourcesBuildPhase section */

/* Begin XCBuildConfiguration section */
		AA476A9728CDD3D3002E6E75 /* Debug */ = {
			isa = XCBuildConfiguration;
			buildSettings = {
				ALWAYS_SEARCH_USER_PATHS = NO;
				CLANG_ANALYZER_NONNULL = YES;
				CLANG_ANALYZER_NUMBER_OBJECT_CONVERSION = YES_AGGRESSIVE;
				CLANG_CXX_LANGUAGE_STANDARD = "gnu++17";
				CLANG_ENABLE_MODULES = YES;
				CLANG_ENABLE_OBJC_ARC = YES;
				CLANG_ENABLE_OBJC_WEAK = YES;
				CLANG_WARN_BLOCK_CAPTURE_AUTORELEASING = YES;
				CLANG_WARN_BOOL_CONVERSION = YES;
				CLANG_WARN_COMMA = YES;
				CLANG_WARN_CONSTANT_CONVERSION = YES;
				CLANG_WARN_DEPRECATED_OBJC_IMPLEMENTATIONS = YES;
				CLANG_WARN_DIRECT_OBJC_ISA_USAGE = YES_ERROR;
				CLANG_WARN_DOCUMENTATION_COMMENTS = YES;
				CLANG_WARN_EMPTY_BODY = YES;
				CLANG_WARN_ENUM_CONVERSION = YES;
				CLANG_WARN_INFINITE_RECURSION = YES;
				CLANG_WARN_INT_CONVERSION = YES;
				CLANG_WARN_NON_LITERAL_NULL_CONVERSION = YES;
				CLANG_WARN_OBJC_IMPLICIT_RETAIN_SELF = YES;
				CLANG_WARN_OBJC_LITERAL_CONVERSION = YES;
				CLANG_WARN_OBJC_ROOT_CLASS = YES_ERROR;
				CLANG_WARN_QUOTED_INCLUDE_IN_FRAMEWORK_HEADER = YES;
				CLANG_WARN_RANGE_LOOP_ANALYSIS = YES;
				CLANG_WARN_STRICT_PROTOTYPES = YES;
				CLANG_WARN_SUSPICIOUS_MOVE = YES;
				CLANG_WARN_UNGUARDED_AVAILABILITY = YES_AGGRESSIVE;
				CLANG_WARN_UNREACHABLE_CODE = YES;
				CLANG_WARN__DUPLICATE_METHOD_MATCH = YES;
				COPY_PHASE_STRIP = NO;
				DEBUG_INFORMATION_FORMAT = dwarf;
				ENABLE_STRICT_OBJC_MSGSEND = YES;
				ENABLE_TESTABILITY = YES;
				GCC_C_LANGUAGE_STANDARD = gnu11;
				GCC_DYNAMIC_NO_PIC = NO;
				GCC_NO_COMMON_BLOCKS = YES;
				GCC_OPTIMIZATION_LEVEL = 0;
				GCC_PREPROCESSOR_DEFINITIONS = (
					"DEBUG=1",
					"$(inherited)",
				);
				GCC_WARN_64_TO_32_BIT_CONVERSION = YES;
				GCC_WARN_ABOUT_RETURN_TYPE = YES_ERROR;
				GCC_WARN_UNDECLARED_SELECTOR = YES;
				GCC_WARN_UNINITIALIZED_AUTOS = YES_AGGRESSIVE;
				GCC_WARN_UNUSED_FUNCTION = YES;
				GCC_WARN_UNUSED_VARIABLE = YES;
				IPHONEOS_DEPLOYMENT_TARGET = 15.5;
				MTL_ENABLE_DEBUG_INFO = INCLUDE_SOURCE;
				MTL_FAST_MATH = YES;
				ONLY_ACTIVE_ARCH = YES;
				SDKROOT = iphoneos;
				SWIFT_ACTIVE_COMPILATION_CONDITIONS = DEBUG;
				SWIFT_OPTIMIZATION_LEVEL = "-Onone";
			};
			name = Debug;
		};
		AA476A9828CDD3D3002E6E75 /* Release */ = {
			isa = XCBuildConfiguration;
			buildSettings = {
				ALWAYS_SEARCH_USER_PATHS = NO;
				CLANG_ANALYZER_NONNULL = YES;
				CLANG_ANALYZER_NUMBER_OBJECT_CONVERSION = YES_AGGRESSIVE;
				CLANG_CXX_LANGUAGE_STANDARD = "gnu++17";
				CLANG_ENABLE_MODULES = YES;
				CLANG_ENABLE_OBJC_ARC = YES;
				CLANG_ENABLE_OBJC_WEAK = YES;
				CLANG_WARN_BLOCK_CAPTURE_AUTORELEASING = YES;
				CLANG_WARN_BOOL_CONVERSION = YES;
				CLANG_WARN_COMMA = YES;
				CLANG_WARN_CONSTANT_CONVERSION = YES;
				CLANG_WARN_DEPRECATED_OBJC_IMPLEMENTATIONS = YES;
				CLANG_WARN_DIRECT_OBJC_ISA_USAGE = YES_ERROR;
				CLANG_WARN_DOCUMENTATION_COMMENTS = YES;
				CLANG_WARN_EMPTY_BODY = YES;
				CLANG_WARN_ENUM_CONVERSION = YES;
				CLANG_WARN_INFINITE_RECURSION = YES;
				CLANG_WARN_INT_CONVERSION = YES;
				CLANG_WARN_NON_LITERAL_NULL_CONVERSION = YES;
				CLANG_WARN_OBJC_IMPLICIT_RETAIN_SELF = YES;
				CLANG_WARN_OBJC_LITERAL_CONVERSION = YES;
				CLANG_WARN_OBJC_ROOT_CLASS = YES_ERROR;
				CLANG_WARN_QUOTED_INCLUDE_IN_FRAMEWORK_HEADER = YES;
				CLANG_WARN_RANGE_LOOP_ANALYSIS = YES;
				CLANG_WARN_STRICT_PROTOTYPES = YES;
				CLANG_WARN_SUSPICIOUS_MOVE = YES;
				CLANG_WARN_UNGUARDED_AVAILABILITY = YES_AGGRESSIVE;
				CLANG_WARN_UNREACHABLE_CODE = YES;
				CLANG_WARN__DUPLICATE_METHOD_MATCH = YES;
				COPY_PHASE_STRIP = NO;
				DEBUG_INFORMATION_FORMAT = "dwarf-with-dsym";
				ENABLE_NS_ASSERTIONS = NO;
				ENABLE_STRICT_OBJC_MSGSEND = YES;
				GCC_C_LANGUAGE_STANDARD = gnu11;
				GCC_NO_COMMON_BLOCKS = YES;
				GCC_WARN_64_TO_32_BIT_CONVERSION = YES;
				GCC_WARN_ABOUT_RETURN_TYPE = YES_ERROR;
				GCC_WARN_UNDECLARED_SELECTOR = YES;
				GCC_WARN_UNINITIALIZED_AUTOS = YES_AGGRESSIVE;
				GCC_WARN_UNUSED_FUNCTION = YES;
				GCC_WARN_UNUSED_VARIABLE = YES;
				IPHONEOS_DEPLOYMENT_TARGET = 15.5;
				MTL_ENABLE_DEBUG_INFO = NO;
				MTL_FAST_MATH = YES;
				SDKROOT = iphoneos;
				SWIFT_COMPILATION_MODE = wholemodule;
				SWIFT_OPTIMIZATION_LEVEL = "-O";
				VALIDATE_PRODUCT = YES;
			};
			name = Release;
		};
		AA476A9A28CDD3D3002E6E75 /* Debug */ = {
			isa = XCBuildConfiguration;
			buildSettings = {
				ASSETCATALOG_COMPILER_APPICON_NAME = AppIcon;
				ASSETCATALOG_COMPILER_GLOBAL_ACCENT_COLOR_NAME = AccentColor;
				CODE_SIGN_STYLE = Automatic;
				CURRENT_PROJECT_VERSION = 1;
				DEVELOPMENT_ASSET_PATHS = "\"BFAI/Preview Content\"";
				DEVELOPMENT_TEAM = NAUCFV7LFX;
				ENABLE_PREVIEWS = YES;
				GENERATE_INFOPLIST_FILE = YES;
				INFOPLIST_KEY_UIApplicationSceneManifest_Generation = YES;
				INFOPLIST_KEY_UIApplicationSupportsIndirectInputEvents = YES;
				INFOPLIST_KEY_UILaunchScreen_Generation = YES;
				INFOPLIST_KEY_UISupportedInterfaceOrientations_iPad = "UIInterfaceOrientationPortrait UIInterfaceOrientationPortraitUpsideDown UIInterfaceOrientationLandscapeLeft UIInterfaceOrientationLandscapeRight";
				INFOPLIST_KEY_UISupportedInterfaceOrientations_iPhone = "UIInterfaceOrientationPortrait UIInterfaceOrientationLandscapeLeft UIInterfaceOrientationLandscapeRight";
				LD_RUNPATH_SEARCH_PATHS = (
					"$(inherited)",
					"@executable_path/Frameworks",
				);
				MARKETING_VERSION = 1.0;
				PRODUCT_BUNDLE_IDENTIFIER = com.argahutama.BFAI;
				PRODUCT_NAME = "$(TARGET_NAME)";
				SWIFT_EMIT_LOC_STRINGS = YES;
				SWIFT_VERSION = 5.0;
				TARGETED_DEVICE_FAMILY = "1,2";
			};
			name = Debug;
		};
		AA476A9B28CDD3D3002E6E75 /* Release */ = {
			isa = XCBuildConfiguration;
			buildSettings = {
				ASSETCATALOG_COMPILER_APPICON_NAME = AppIcon;
				ASSETCATALOG_COMPILER_GLOBAL_ACCENT_COLOR_NAME = AccentColor;
				CODE_SIGN_STYLE = Automatic;
				CURRENT_PROJECT_VERSION = 1;
				DEVELOPMENT_ASSET_PATHS = "\"BFAI/Preview Content\"";
				DEVELOPMENT_TEAM = NAUCFV7LFX;
				ENABLE_PREVIEWS = YES;
				GENERATE_INFOPLIST_FILE = YES;
				INFOPLIST_KEY_UIApplicationSceneManifest_Generation = YES;
				INFOPLIST_KEY_UIApplicationSupportsIndirectInputEvents = YES;
				INFOPLIST_KEY_UILaunchScreen_Generation = YES;
				INFOPLIST_KEY_UISupportedInterfaceOrientations_iPad = "UIInterfaceOrientationPortrait UIInterfaceOrientationPortraitUpsideDown UIInterfaceOrientationLandscapeLeft UIInterfaceOrientationLandscapeRight";
				INFOPLIST_KEY_UISupportedInterfaceOrientations_iPhone = "UIInterfaceOrientationPortrait UIInterfaceOrientationLandscapeLeft UIInterfaceOrientationLandscapeRight";
				LD_RUNPATH_SEARCH_PATHS = (
					"$(inherited)",
					"@executable_path/Frameworks",
				);
				MARKETING_VERSION = 1.0;
				PRODUCT_BUNDLE_IDENTIFIER = com.argahutama.BFAI;
				PRODUCT_NAME = "$(TARGET_NAME)";
				SWIFT_EMIT_LOC_STRINGS = YES;
				SWIFT_VERSION = 5.0;
				TARGETED_DEVICE_FAMILY = "1,2";
			};
			name = Release;
		};
/* End XCBuildConfiguration section */

/* Begin XCConfigurationList section */
		AA476A8628CDD3D2002E6E75 /* Build configuration list for PBXProject "BFAI" */ = {
			isa = XCConfigurationList;
			buildConfigurations = (
				AA476A9728CDD3D3002E6E75 /* Debug */,
				AA476A9828CDD3D3002E6E75 /* Release */,
			);
			defaultConfigurationIsVisible = 0;
			defaultConfigurationName = Release;
		};
		AA476A9928CDD3D3002E6E75 /* Build configuration list for PBXNativeTarget "BFAI" */ = {
			isa = XCConfigurationList;
			buildConfigurations = (
				AA476A9A28CDD3D3002E6E75 /* Debug */,
				AA476A9B28CDD3D3002E6E75 /* Release */,
			);
			defaultConfigurationIsVisible = 0;
			defaultConfigurationName = Release;
		};
/* End XCConfigurationList section */
	};
	rootObject = AA476A8328CDD3D2002E6E75 /* Project object */;
}
